// !$*UTF8*$!
{
	archiveVersion = 1;
	classes = {
	};
	objectVersion = 51;
	objects = {

/* Begin PBXAggregateTarget section */
		B3C6667A2430204B0072A0ED /* all */ = {
			isa = PBXAggregateTarget;
			buildConfigurationList = B3C6667D2430204B0072A0ED /* Build configuration list for PBXAggregateTarget "all" */;
			buildPhases = (
			);
			dependencies = (
				B3C6667F243020560072A0ED /* PBXTargetDependency */,
				B3C66681243020560072A0ED /* PBXTargetDependency */,
				B3C66683243020560072A0ED /* PBXTargetDependency */,
				B3C66685243020560072A0ED /* PBXTargetDependency */,
				B3C66687243020560072A0ED /* PBXTargetDependency */,
			);
			name = all;
			productName = all;
		};
/* End PBXAggregateTarget section */

/* Begin PBXBuildFile section */
		037AC35AF26E5F690D68AA66 /* iOS_Example.watchOS_Example.app in Embed Watch Content */ = {isa = PBXBuildFile; fileRef = 5D12EE78D7685507BA4152D7 /* iOS_Example.watchOS_Example.app */; settings = {ATTRIBUTES = (RemoveHeadersOnCopy, ); }; };
		0A9E5B6991A3C0DB56409AC2 /* AppDelegate.swift in Sources */ = {isa = PBXBuildFile; fileRef = EEF1514474D72610760748B6 /* AppDelegate.swift */; };
		1D4E383953767E5E309A0402 /* Pods_macOS_Example.framework in Frameworks */ = {isa = PBXBuildFile; fileRef = 4A194046BF6861248E65282F /* Pods_macOS_Example.framework */; };
		332C5CA145DCA8D8F948EA6E /* Pods_iOS_Example_watchOS_Example_watchOS_Example_Extension.framework in Frameworks */ = {isa = PBXBuildFile; fileRef = 2320267B29B9D2BFE825C06D /* Pods_iOS_Example_watchOS_Example_watchOS_Example_Extension.framework */; };
		3418F58D52C6391002DF50D3 /* AppDelegate.swift in Sources */ = {isa = PBXBuildFile; fileRef = 1BCB43BF682BE48C37231D27 /* AppDelegate.swift */; };
		3EB21C8956A1C87492EFFBD5 /* Pods_tvOS_Example.framework in Frameworks */ = {isa = PBXBuildFile; fileRef = D6A8D5F0C656ECB24CD4AF48 /* Pods_tvOS_Example.framework */; };
		7394305E2742BCA2A6F28E25 /* AppDelegate.swift in Sources */ = {isa = PBXBuildFile; fileRef = 68CCAB582EFA2B5E4C44401D /* AppDelegate.swift */; };
		9A43D6EB2279EF1D8FFACD09 /* iOS_Example.watchOS_Example.watchOS_Example_Extension.appex in Embed App Extensions */ = {isa = PBXBuildFile; fileRef = 4C7D2D23D5779F0111980F8C /* iOS_Example.watchOS_Example.watchOS_Example_Extension.appex */; settings = {ATTRIBUTES = (RemoveHeadersOnCopy, ); }; };
		A93C5C0B2F310286383DED73 /* Pods_iOS_Example_watchOS_Example.framework in Frameworks */ = {isa = PBXBuildFile; fileRef = 6B95C2F3F76B248D2606ADC4 /* Pods_iOS_Example_watchOS_Example.framework */; };
		B302EBFA241725EC002525AE /* ViewController.swift in Sources */ = {isa = PBXBuildFile; fileRef = B302EBF9241725EC002525AE /* ViewController.swift */; };
		B302EBFD241728A6002525AE /* Storyboard.storyboard in Resources */ = {isa = PBXBuildFile; fileRef = B302EBF824172440002525AE /* Storyboard.storyboard */; };
		B323C6102419331C00DEA2F4 /* ViewController.swift in Sources */ = {isa = PBXBuildFile; fileRef = B323C60E2419331C00DEA2F4 /* ViewController.swift */; };
		B323C6112419331C00DEA2F4 /* ViewController.xib in Resources */ = {isa = PBXBuildFile; fileRef = B323C60F2419331C00DEA2F4 /* ViewController.xib */; };
		B323C61324193F3400DEA2F4 /* main.swift in Sources */ = {isa = PBXBuildFile; fileRef = B323C61224193F3400DEA2F4 /* main.swift */; };
		B323C61A241941A800DEA2F4 /* ViewController.swift in Sources */ = {isa = PBXBuildFile; fileRef = B323C618241941A800DEA2F4 /* ViewController.swift */; };
		B323C61D2419554D00DEA2F4 /* ViewController.xib in Resources */ = {isa = PBXBuildFile; fileRef = B323C619241941A800DEA2F4 /* ViewController.xib */; };
		B33B383124197BD70020E98B /* Interface.storyboard in Resources */ = {isa = PBXBuildFile; fileRef = B33B382F24197A910020E98B /* Interface.storyboard */; };
		B33B383424197C780020E98B /* InterfaceController.swift in Sources */ = {isa = PBXBuildFile; fileRef = B33B383224197C750020E98B /* InterfaceController.swift */; };
		ED3651E771983B4D4FADBCB0 /* ExtensionDelegate.swift in Sources */ = {isa = PBXBuildFile; fileRef = 98D177987A54DAC8A85ACBB0 /* ExtensionDelegate.swift */; };
		F2E3D12BF0B19F97DCA5EC6C /* Pods_iOS_Example.framework in Frameworks */ = {isa = PBXBuildFile; fileRef = 7307ECB137E40EC52A90EDF6 /* Pods_iOS_Example.framework */; };
/* End PBXBuildFile section */

/* Begin PBXContainerItemProxy section */
		A72314BC912FA8839F9ADE1B /* PBXContainerItemProxy */ = {
			isa = PBXContainerItemProxy;
			containerPortal = CA8E1E974698BC95958F017F /* Project object */;
			proxyType = 1;
			remoteGlobalIDString = 59DA5C91230B29D537DD0DF9;
			remoteInfo = iOS_Example.watchOS_Example;
		};
		B3C6667E243020560072A0ED /* PBXContainerItemProxy */ = {
			isa = PBXContainerItemProxy;
			containerPortal = CA8E1E974698BC95958F017F /* Project object */;
			proxyType = 1;
			remoteGlobalIDString = 71052B6A66D141AB401C720D;
			remoteInfo = iOS_Example;
		};
		B3C66680243020560072A0ED /* PBXContainerItemProxy */ = {
			isa = PBXContainerItemProxy;
			containerPortal = CA8E1E974698BC95958F017F /* Project object */;
			proxyType = 1;
			remoteGlobalIDString = 59DA5C91230B29D537DD0DF9;
			remoteInfo = iOS_Example.watchOS_Example;
		};
		B3C66682243020560072A0ED /* PBXContainerItemProxy */ = {
			isa = PBXContainerItemProxy;
			containerPortal = CA8E1E974698BC95958F017F /* Project object */;
			proxyType = 1;
			remoteGlobalIDString = 4A5050BCBCAC6230C0B467CB;
			remoteInfo = iOS_Example.watchOS_Example.watchOS_Example_Extension;
		};
		B3C66684243020560072A0ED /* PBXContainerItemProxy */ = {
			isa = PBXContainerItemProxy;
			containerPortal = CA8E1E974698BC95958F017F /* Project object */;
			proxyType = 1;
			remoteGlobalIDString = A793A340BE0EEB00085E850C;
			remoteInfo = macOS_Example;
		};
		B3C66686243020560072A0ED /* PBXContainerItemProxy */ = {
			isa = PBXContainerItemProxy;
			containerPortal = CA8E1E974698BC95958F017F /* Project object */;
			proxyType = 1;
			remoteGlobalIDString = 4547BBC39FE469511D090927;
			remoteInfo = tvOS_Example;
		};
		B3CCDCBBE391A611B3EE2867 /* PBXContainerItemProxy */ = {
			isa = PBXContainerItemProxy;
			containerPortal = CA8E1E974698BC95958F017F /* Project object */;
			proxyType = 1;
			remoteGlobalIDString = 4A5050BCBCAC6230C0B467CB;
			remoteInfo = iOS_Example.watchOS_Example.watchOS_Example_Extension;
		};
/* End PBXContainerItemProxy section */

/* Begin PBXCopyFilesBuildPhase section */
		4509C7769B59E1EAE497DA01 /* Embed App Extensions */ = {
			isa = PBXCopyFilesBuildPhase;
			buildActionMask = 2147483647;
			dstPath = "";
			dstSubfolderSpec = 13;
			files = (
				9A43D6EB2279EF1D8FFACD09 /* iOS_Example.watchOS_Example.watchOS_Example_Extension.appex in Embed App Extensions */,
			);
			name = "Embed App Extensions";
			runOnlyForDeploymentPostprocessing = 0;
		};
		6FB54418A185527039EFB8C9 /* Embed Watch Content */ = {
			isa = PBXCopyFilesBuildPhase;
			buildActionMask = 2147483647;
			dstPath = "$(CONTENTS_FOLDER_PATH)/Watch";
			dstSubfolderSpec = 16;
			files = (
				037AC35AF26E5F690D68AA66 /* iOS_Example.watchOS_Example.app in Embed Watch Content */,
			);
			name = "Embed Watch Content";
			runOnlyForDeploymentPostprocessing = 0;
		};
/* End PBXCopyFilesBuildPhase section */

/* Begin PBXFileReference section */
		143FF503BF82D4928307D008 /* Pods-macOS_Example.debug.xcconfig */ = {isa = PBXFileReference; includeInIndex = 1; lastKnownFileType = text.xcconfig; name = "Pods-macOS_Example.debug.xcconfig"; path = "Target Support Files/Pods-macOS_Example/Pods-macOS_Example.debug.xcconfig"; sourceTree = "<group>"; };
		1BCB43BF682BE48C37231D27 /* AppDelegate.swift */ = {isa = PBXFileReference; lastKnownFileType = sourcecode.swift; path = AppDelegate.swift; sourceTree = "<group>"; };
		2320267B29B9D2BFE825C06D /* Pods_iOS_Example_watchOS_Example_watchOS_Example_Extension.framework */ = {isa = PBXFileReference; explicitFileType = wrapper.framework; includeInIndex = 0; path = Pods_iOS_Example_watchOS_Example_watchOS_Example_Extension.framework; sourceTree = BUILT_PRODUCTS_DIR; };
		2D88139A958E57E79B5F03AE /* Pods-iOS_Example.watchOS_Example.release.xcconfig */ = {isa = PBXFileReference; includeInIndex = 1; lastKnownFileType = text.xcconfig; name = "Pods-iOS_Example.watchOS_Example.release.xcconfig"; path = "Target Support Files/Pods-iOS_Example.watchOS_Example/Pods-iOS_Example.watchOS_Example.release.xcconfig"; sourceTree = "<group>"; };
		3ACB7AE95E4DBBC203323380 /* Pods-tvOS_Example.release.xcconfig */ = {isa = PBXFileReference; includeInIndex = 1; lastKnownFileType = text.xcconfig; name = "Pods-tvOS_Example.release.xcconfig"; path = "Target Support Files/Pods-tvOS_Example/Pods-tvOS_Example.release.xcconfig"; sourceTree = "<group>"; };
		42D0DCACCAFE4CBB16A0C0B0 /* iOS_Example.app */ = {isa = PBXFileReference; includeInIndex = 0; lastKnownFileType = wrapper.application; path = iOS_Example.app; sourceTree = BUILT_PRODUCTS_DIR; };
		44E174EA1F14596612FB7424 /* Pods-iOS_Example.debug.xcconfig */ = {isa = PBXFileReference; includeInIndex = 1; lastKnownFileType = text.xcconfig; name = "Pods-iOS_Example.debug.xcconfig"; path = "Target Support Files/Pods-iOS_Example/Pods-iOS_Example.debug.xcconfig"; sourceTree = "<group>"; };
		4A194046BF6861248E65282F /* Pods_macOS_Example.framework */ = {isa = PBXFileReference; explicitFileType = wrapper.framework; includeInIndex = 0; path = Pods_macOS_Example.framework; sourceTree = BUILT_PRODUCTS_DIR; };
		4C7D2D23D5779F0111980F8C /* iOS_Example.watchOS_Example.watchOS_Example_Extension.appex */ = {isa = PBXFileReference; explicitFileType = "wrapper.app-extension"; includeInIndex = 0; path = iOS_Example.watchOS_Example.watchOS_Example_Extension.appex; sourceTree = BUILT_PRODUCTS_DIR; };
		5D12EE78D7685507BA4152D7 /* iOS_Example.watchOS_Example.app */ = {isa = PBXFileReference; explicitFileType = wrapper.application; includeInIndex = 0; path = iOS_Example.watchOS_Example.app; sourceTree = BUILT_PRODUCTS_DIR; };
		68CCAB582EFA2B5E4C44401D /* AppDelegate.swift */ = {isa = PBXFileReference; lastKnownFileType = sourcecode.swift; path = AppDelegate.swift; sourceTree = "<group>"; };
		6B95C2F3F76B248D2606ADC4 /* Pods_iOS_Example_watchOS_Example.framework */ = {isa = PBXFileReference; explicitFileType = wrapper.framework; includeInIndex = 0; path = Pods_iOS_Example_watchOS_Example.framework; sourceTree = BUILT_PRODUCTS_DIR; };
		6D7B45DA366DCBDF1DE3EC8B /* Pods-tvOS_Example.debug.xcconfig */ = {isa = PBXFileReference; includeInIndex = 1; lastKnownFileType = text.xcconfig; name = "Pods-tvOS_Example.debug.xcconfig"; path = "Target Support Files/Pods-tvOS_Example/Pods-tvOS_Example.debug.xcconfig"; sourceTree = "<group>"; };
		7307ECB137E40EC52A90EDF6 /* Pods_iOS_Example.framework */ = {isa = PBXFileReference; explicitFileType = wrapper.framework; includeInIndex = 0; path = Pods_iOS_Example.framework; sourceTree = BUILT_PRODUCTS_DIR; };
		73980CD73CC0080DC066062D /* Pods-iOS_Example.watchOS_Example.watchOS_Example_Extension.release.xcconfig */ = {isa = PBXFileReference; includeInIndex = 1; lastKnownFileType = text.xcconfig; name = "Pods-iOS_Example.watchOS_Example.watchOS_Example_Extension.release.xcconfig"; path = "Target Support Files/Pods-iOS_Example.watchOS_Example.watchOS_Example_Extension/Pods-iOS_Example.watchOS_Example.watchOS_Example_Extension.release.xcconfig"; sourceTree = "<group>"; };
		825FE9D3B578ACB5964B934E /* Pods-iOS_Example.watchOS_Example.debug.xcconfig */ = {isa = PBXFileReference; includeInIndex = 1; lastKnownFileType = text.xcconfig; name = "Pods-iOS_Example.watchOS_Example.debug.xcconfig"; path = "Target Support Files/Pods-iOS_Example.watchOS_Example/Pods-iOS_Example.watchOS_Example.debug.xcconfig"; sourceTree = "<group>"; };
		98D177987A54DAC8A85ACBB0 /* ExtensionDelegate.swift */ = {isa = PBXFileReference; lastKnownFileType = sourcecode.swift; path = ExtensionDelegate.swift; sourceTree = "<group>"; };
		A81BECB44C80D96EA85A35A5 /* Pods-iOS_Example.release.xcconfig */ = {isa = PBXFileReference; includeInIndex = 1; lastKnownFileType = text.xcconfig; name = "Pods-iOS_Example.release.xcconfig"; path = "Target Support Files/Pods-iOS_Example/Pods-iOS_Example.release.xcconfig"; sourceTree = "<group>"; };
		B302EBF824172440002525AE /* Storyboard.storyboard */ = {isa = PBXFileReference; lastKnownFileType = file.storyboard; path = Storyboard.storyboard; sourceTree = "<group>"; };
		B302EBF9241725EC002525AE /* ViewController.swift */ = {isa = PBXFileReference; lastKnownFileType = sourcecode.swift; path = ViewController.swift; sourceTree = "<group>"; };
		B323C60E2419331C00DEA2F4 /* ViewController.swift */ = {isa = PBXFileReference; lastKnownFileType = sourcecode.swift; path = ViewController.swift; sourceTree = "<group>"; };
		B323C60F2419331C00DEA2F4 /* ViewController.xib */ = {isa = PBXFileReference; lastKnownFileType = file.xib; path = ViewController.xib; sourceTree = "<group>"; };
		B323C61224193F3400DEA2F4 /* main.swift */ = {isa = PBXFileReference; lastKnownFileType = sourcecode.swift; path = main.swift; sourceTree = "<group>"; };
		B323C618241941A800DEA2F4 /* ViewController.swift */ = {isa = PBXFileReference; lastKnownFileType = sourcecode.swift; path = ViewController.swift; sourceTree = "<group>"; };
		B323C619241941A800DEA2F4 /* ViewController.xib */ = {isa = PBXFileReference; lastKnownFileType = file.xib; path = ViewController.xib; sourceTree = "<group>"; };
		B33B382F24197A910020E98B /* Interface.storyboard */ = {isa = PBXFileReference; lastKnownFileType = file.storyboard; path = Interface.storyboard; sourceTree = "<group>"; };
		B33B383224197C750020E98B /* InterfaceController.swift */ = {isa = PBXFileReference; lastKnownFileType = sourcecode.swift; path = InterfaceController.swift; sourceTree = "<group>"; };
		C1DDF02D7936D06E4362080A /* tvOS_Example.app */ = {isa = PBXFileReference; explicitFileType = wrapper.application; includeInIndex = 0; path = tvOS_Example.app; sourceTree = BUILT_PRODUCTS_DIR; };
		C6B3B0E8AD561309572FBB4B /* Pods-iOS_Example.watchOS_Example.watchOS_Example_Extension.debug.xcconfig */ = {isa = PBXFileReference; includeInIndex = 1; lastKnownFileType = text.xcconfig; name = "Pods-iOS_Example.watchOS_Example.watchOS_Example_Extension.debug.xcconfig"; path = "Target Support Files/Pods-iOS_Example.watchOS_Example.watchOS_Example_Extension/Pods-iOS_Example.watchOS_Example.watchOS_Example_Extension.debug.xcconfig"; sourceTree = "<group>"; };
		D06DD9EF993875688A0B25A6 /* macOS_Example.app */ = {isa = PBXFileReference; explicitFileType = wrapper.application; includeInIndex = 0; path = macOS_Example.app; sourceTree = BUILT_PRODUCTS_DIR; };
		D6A8D5F0C656ECB24CD4AF48 /* Pods_tvOS_Example.framework */ = {isa = PBXFileReference; explicitFileType = wrapper.framework; includeInIndex = 0; path = Pods_tvOS_Example.framework; sourceTree = BUILT_PRODUCTS_DIR; };
		E0FF032CD3F8F2FB6D6C1910 /* Pods-macOS_Example.release.xcconfig */ = {isa = PBXFileReference; includeInIndex = 1; lastKnownFileType = text.xcconfig; name = "Pods-macOS_Example.release.xcconfig"; path = "Target Support Files/Pods-macOS_Example/Pods-macOS_Example.release.xcconfig"; sourceTree = "<group>"; };
		EEF1514474D72610760748B6 /* AppDelegate.swift */ = {isa = PBXFileReference; lastKnownFileType = sourcecode.swift; path = AppDelegate.swift; sourceTree = "<group>"; };
/* End PBXFileReference section */

/* Begin PBXFrameworksBuildPhase section */
		1939DDD1B03D0CC18D4C34CB /* Frameworks */ = {
			isa = PBXFrameworksBuildPhase;
			buildActionMask = 2147483647;
			files = (
				3EB21C8956A1C87492EFFBD5 /* Pods_tvOS_Example.framework in Frameworks */,
			);
			runOnlyForDeploymentPostprocessing = 0;
		};
		4F6E7E6C5C8558B91F611526 /* Frameworks */ = {
			isa = PBXFrameworksBuildPhase;
			buildActionMask = 2147483647;
			files = (
				A93C5C0B2F310286383DED73 /* Pods_iOS_Example_watchOS_Example.framework in Frameworks */,
			);
			runOnlyForDeploymentPostprocessing = 0;
		};
		7A430E93E5D4CA10B8DC5527 /* Frameworks */ = {
			isa = PBXFrameworksBuildPhase;
			buildActionMask = 2147483647;
			files = (
				1D4E383953767E5E309A0402 /* Pods_macOS_Example.framework in Frameworks */,
			);
			runOnlyForDeploymentPostprocessing = 0;
		};
		9358E2EFE2C7F5605CF8240E /* Frameworks */ = {
			isa = PBXFrameworksBuildPhase;
			buildActionMask = 2147483647;
			files = (
				332C5CA145DCA8D8F948EA6E /* Pods_iOS_Example_watchOS_Example_watchOS_Example_Extension.framework in Frameworks */,
			);
			runOnlyForDeploymentPostprocessing = 0;
		};
		9984056F929E005F9352A9B3 /* Frameworks */ = {
			isa = PBXFrameworksBuildPhase;
			buildActionMask = 2147483647;
			files = (
				F2E3D12BF0B19F97DCA5EC6C /* Pods_iOS_Example.framework in Frameworks */,
			);
			runOnlyForDeploymentPostprocessing = 0;
		};
/* End PBXFrameworksBuildPhase section */

/* Begin PBXGroup section */
		0B50A1E70BCD9D4C85DF8B8A /* Pods */ = {
			isa = PBXGroup;
			children = (
				44E174EA1F14596612FB7424 /* Pods-iOS_Example.debug.xcconfig */,
				A81BECB44C80D96EA85A35A5 /* Pods-iOS_Example.release.xcconfig */,
				825FE9D3B578ACB5964B934E /* Pods-iOS_Example.watchOS_Example.debug.xcconfig */,
				2D88139A958E57E79B5F03AE /* Pods-iOS_Example.watchOS_Example.release.xcconfig */,
				C6B3B0E8AD561309572FBB4B /* Pods-iOS_Example.watchOS_Example.watchOS_Example_Extension.debug.xcconfig */,
				73980CD73CC0080DC066062D /* Pods-iOS_Example.watchOS_Example.watchOS_Example_Extension.release.xcconfig */,
				143FF503BF82D4928307D008 /* Pods-macOS_Example.debug.xcconfig */,
				E0FF032CD3F8F2FB6D6C1910 /* Pods-macOS_Example.release.xcconfig */,
				6D7B45DA366DCBDF1DE3EC8B /* Pods-tvOS_Example.debug.xcconfig */,
				3ACB7AE95E4DBBC203323380 /* Pods-tvOS_Example.release.xcconfig */,
			);
			path = Pods;
			sourceTree = "<group>";
		};
		204DDCF301CDC3456C30B208 /* macOS */ = {
			isa = PBXGroup;
			children = (
				EEF1514474D72610760748B6 /* AppDelegate.swift */,
				B323C60E2419331C00DEA2F4 /* ViewController.swift */,
				B323C60F2419331C00DEA2F4 /* ViewController.xib */,
				B323C61224193F3400DEA2F4 /* main.swift */,
			);
			path = macOS;
			sourceTree = "<group>";
		};
		3031F8ABC084F8D43CC56342 /* Products */ = {
			isa = PBXGroup;
			children = (
				42D0DCACCAFE4CBB16A0C0B0 /* iOS_Example.app */,
				5D12EE78D7685507BA4152D7 /* iOS_Example.watchOS_Example.app */,
				4C7D2D23D5779F0111980F8C /* iOS_Example.watchOS_Example.watchOS_Example_Extension.appex */,
				D06DD9EF993875688A0B25A6 /* macOS_Example.app */,
				C1DDF02D7936D06E4362080A /* tvOS_Example.app */,
			);
			name = Products;
			sourceTree = "<group>";
		};
		54E0667A38E60354DB90F776 = {
			isa = PBXGroup;
			children = (
				CBA3ACC8CA65F44D9C124921 /* Extension */,
				7EDD8B7DAEDF98983FD7D40F /* iOS */,
				204DDCF301CDC3456C30B208 /* macOS */,
				BDBBA6D2B7FE7B1C1B9D3823 /* tvOS */,
				3031F8ABC084F8D43CC56342 /* Products */,
				0B50A1E70BCD9D4C85DF8B8A /* Pods */,
				D293E55BA7B4DF56182CE0BC /* Frameworks */,
			);
			sourceTree = "<group>";
		};
		7EDD8B7DAEDF98983FD7D40F /* iOS */ = {
			isa = PBXGroup;
			children = (
				B302EBF824172440002525AE /* Storyboard.storyboard */,
				1BCB43BF682BE48C37231D27 /* AppDelegate.swift */,
				B302EBF9241725EC002525AE /* ViewController.swift */,
			);
			path = iOS;
			sourceTree = "<group>";
		};
		BDBBA6D2B7FE7B1C1B9D3823 /* tvOS */ = {
			isa = PBXGroup;
			children = (
				68CCAB582EFA2B5E4C44401D /* AppDelegate.swift */,
				B323C618241941A800DEA2F4 /* ViewController.swift */,
				B323C619241941A800DEA2F4 /* ViewController.xib */,
			);
			path = tvOS;
			sourceTree = "<group>";
		};
		CBA3ACC8CA65F44D9C124921 /* Extension */ = {
			isa = PBXGroup;
			children = (
				98D177987A54DAC8A85ACBB0 /* ExtensionDelegate.swift */,
				B33B382F24197A910020E98B /* Interface.storyboard */,
				B33B383224197C750020E98B /* InterfaceController.swift */,
			);
			name = Extension;
			path = watchOS/Extension;
			sourceTree = "<group>";
		};
		D293E55BA7B4DF56182CE0BC /* Frameworks */ = {
			isa = PBXGroup;
			children = (
				7307ECB137E40EC52A90EDF6 /* Pods_iOS_Example.framework */,
				6B95C2F3F76B248D2606ADC4 /* Pods_iOS_Example_watchOS_Example.framework */,
				2320267B29B9D2BFE825C06D /* Pods_iOS_Example_watchOS_Example_watchOS_Example_Extension.framework */,
				4A194046BF6861248E65282F /* Pods_macOS_Example.framework */,
				D6A8D5F0C656ECB24CD4AF48 /* Pods_tvOS_Example.framework */,
			);
			name = Frameworks;
			sourceTree = "<group>";
		};
/* End PBXGroup section */

/* Begin PBXNativeTarget section */
		4547BBC39FE469511D090927 /* tvOS_Example */ = {
			isa = PBXNativeTarget;
			buildConfigurationList = 01A23B9FADE9D1E71469920A /* Build configuration list for PBXNativeTarget "tvOS_Example" */;
			buildPhases = (
				AD2A24BD278E9FCE1DB5B283 /* [CP] Check Pods Manifest.lock */,
				B323C61C2419554600DEA2F4 /* Resources */,
				3921A49F4A904B8E168D9788 /* Sources */,
				1939DDD1B03D0CC18D4C34CB /* Frameworks */,
				C8E12AF4E308FB158DA7E6EE /* [CP] Embed Pods Frameworks */,
			);
			buildRules = (
			);
			dependencies = (
			);
			name = tvOS_Example;
			productName = tvOS_Example;
			productReference = C1DDF02D7936D06E4362080A /* tvOS_Example.app */;
			productType = "com.apple.product-type.application";
		};
		4A5050BCBCAC6230C0B467CB /* iOS_Example.watchOS_Example.watchOS_Example_Extension */ = {
			isa = PBXNativeTarget;
			buildConfigurationList = 650A6137F7295C75538DD301 /* Build configuration list for PBXNativeTarget "iOS_Example.watchOS_Example.watchOS_Example_Extension" */;
			buildPhases = (
				D4B48CA99962089DA1E77933 /* [CP] Check Pods Manifest.lock */,
				339C667CA4664160769D21FB /* Sources */,
				9358E2EFE2C7F5605CF8240E /* Frameworks */,
				B33B382E24197A670020E98B /* Resources */,
				B857DD7C93B0373E4595AAAD /* [CP] Embed Pods Frameworks */,
			);
			buildRules = (
			);
			dependencies = (
			);
			name = iOS_Example.watchOS_Example.watchOS_Example_Extension;
			productName = iOS_Example.watchOS_Example.watchOS_Example_Extension;
			productReference = 4C7D2D23D5779F0111980F8C /* iOS_Example.watchOS_Example.watchOS_Example_Extension.appex */;
			productType = "com.apple.product-type.watchkit2-extension";
		};
		59DA5C91230B29D537DD0DF9 /* iOS_Example.watchOS_Example */ = {
			isa = PBXNativeTarget;
			buildConfigurationList = E6DF3213C1233334413B2F7F /* Build configuration list for PBXNativeTarget "iOS_Example.watchOS_Example" */;
			buildPhases = (
				9D87F04E4394F76B5C440746 /* [CP] Check Pods Manifest.lock */,
				B33B383024197BD30020E98B /* Resources */,
				4509C7769B59E1EAE497DA01 /* Embed App Extensions */,
				4F6E7E6C5C8558B91F611526 /* Frameworks */,
			);
			buildRules = (
			);
			dependencies = (
				1E01A8FA37DC907E906D5634 /* PBXTargetDependency */,
			);
			name = iOS_Example.watchOS_Example;
			productName = iOS_Example.watchOS_Example;
			productReference = 5D12EE78D7685507BA4152D7 /* iOS_Example.watchOS_Example.app */;
			productType = "com.apple.product-type.application.watchapp2";
		};
		71052B6A66D141AB401C720D /* iOS_Example */ = {
			isa = PBXNativeTarget;
			buildConfigurationList = 8144FF6A1C5C42FBA995BE80 /* Build configuration list for PBXNativeTarget "iOS_Example" */;
			buildPhases = (
				B6B3C2C0D4059923503C687C /* [CP] Check Pods Manifest.lock */,
				B302EBFC2417289D002525AE /* Resources */,
				5242E0FED028AA9EBD060E99 /* Sources */,
				6FB54418A185527039EFB8C9 /* Embed Watch Content */,
				9984056F929E005F9352A9B3 /* Frameworks */,
				9D0071D87F6780EEB252D902 /* [CP] Embed Pods Frameworks */,
			);
			buildRules = (
			);
			dependencies = (
				3E4043E5E3548B8B9A7D06ED /* PBXTargetDependency */,
			);
			name = iOS_Example;
			productName = iOS_Example;
			productReference = 42D0DCACCAFE4CBB16A0C0B0 /* iOS_Example.app */;
			productType = "com.apple.product-type.application";
		};
		A793A340BE0EEB00085E850C /* macOS_Example */ = {
			isa = PBXNativeTarget;
			buildConfigurationList = 9604A4258367D246D763FFA4 /* Build configuration list for PBXNativeTarget "macOS_Example" */;
			buildPhases = (
				94E39AAEB4173A0BBE735DB0 /* [CP] Check Pods Manifest.lock */,
				B323C6052419314F00DEA2F4 /* Resources */,
				A138D97D1B0A12BA7492CDCE /* Sources */,
				7A430E93E5D4CA10B8DC5527 /* Frameworks */,
				EA5334EB0DDFF22B549B9592 /* [CP] Embed Pods Frameworks */,
			);
			buildRules = (
			);
			dependencies = (
			);
			name = macOS_Example;
			productName = macOS_Example;
			productReference = D06DD9EF993875688A0B25A6 /* macOS_Example.app */;
			productType = "com.apple.product-type.application";
		};
/* End PBXNativeTarget section */

/* Begin PBXProject section */
		CA8E1E974698BC95958F017F /* Project object */ = {
			isa = PBXProject;
			attributes = {
				LastUpgradeCheck = 1020;
				TargetAttributes = {
					B3C6667A2430204B0072A0ED = {
						CreatedOnToolsVersion = 11.4;
					};
				};
			};
			buildConfigurationList = 36FC72E69D906F48675C62BF /* Build configuration list for PBXProject "Example" */;
			compatibilityVersion = "Xcode 10.0";
			developmentRegion = en;
			hasScannedForEncodings = 0;
			knownRegions = (
				Base,
				en,
			);
			mainGroup = 54E0667A38E60354DB90F776;
			productRefGroup = 3031F8ABC084F8D43CC56342 /* Products */;
			projectDirPath = "";
			projectRoot = "";
			targets = (
				71052B6A66D141AB401C720D /* iOS_Example */,
				59DA5C91230B29D537DD0DF9 /* iOS_Example.watchOS_Example */,
				4A5050BCBCAC6230C0B467CB /* iOS_Example.watchOS_Example.watchOS_Example_Extension */,
				A793A340BE0EEB00085E850C /* macOS_Example */,
				4547BBC39FE469511D090927 /* tvOS_Example */,
				B3C6667A2430204B0072A0ED /* all */,
			);
		};
/* End PBXProject section */

/* Begin PBXResourcesBuildPhase section */
		B302EBFC2417289D002525AE /* Resources */ = {
			isa = PBXResourcesBuildPhase;
			buildActionMask = 2147483647;
			files = (
				B302EBFD241728A6002525AE /* Storyboard.storyboard in Resources */,
			);
			runOnlyForDeploymentPostprocessing = 0;
		};
		B323C6052419314F00DEA2F4 /* Resources */ = {
			isa = PBXResourcesBuildPhase;
			buildActionMask = 2147483647;
			files = (
				B323C6112419331C00DEA2F4 /* ViewController.xib in Resources */,
			);
			runOnlyForDeploymentPostprocessing = 0;
		};
		B323C61C2419554600DEA2F4 /* Resources */ = {
			isa = PBXResourcesBuildPhase;
			buildActionMask = 2147483647;
			files = (
				B323C61D2419554D00DEA2F4 /* ViewController.xib in Resources */,
			);
			runOnlyForDeploymentPostprocessing = 0;
		};
		B33B382E24197A670020E98B /* Resources */ = {
			isa = PBXResourcesBuildPhase;
			buildActionMask = 2147483647;
			files = (
			);
			runOnlyForDeploymentPostprocessing = 0;
		};
		B33B383024197BD30020E98B /* Resources */ = {
			isa = PBXResourcesBuildPhase;
			buildActionMask = 2147483647;
			files = (
				B33B383124197BD70020E98B /* Interface.storyboard in Resources */,
			);
			runOnlyForDeploymentPostprocessing = 0;
		};
/* End PBXResourcesBuildPhase section */

/* Begin PBXShellScriptBuildPhase section */
		94E39AAEB4173A0BBE735DB0 /* [CP] Check Pods Manifest.lock */ = {
			isa = PBXShellScriptBuildPhase;
			buildActionMask = 2147483647;
			files = (
			);
			inputFileListPaths = (
			);
			inputPaths = (
				"${PODS_PODFILE_DIR_PATH}/Podfile.lock",
				"${PODS_ROOT}/Manifest.lock",
			);
			name = "[CP] Check Pods Manifest.lock";
			outputFileListPaths = (
			);
			outputPaths = (
				"$(DERIVED_FILE_DIR)/Pods-macOS_Example-checkManifestLockResult.txt",
			);
			runOnlyForDeploymentPostprocessing = 0;
			shellPath = /bin/sh;
			shellScript = "diff \"${PODS_PODFILE_DIR_PATH}/Podfile.lock\" \"${PODS_ROOT}/Manifest.lock\" > /dev/null\nif [ $? != 0 ] ; then\n    # print error to STDERR\n    echo \"error: The sandbox is not in sync with the Podfile.lock. Run 'pod install' or update your CocoaPods installation.\" >&2\n    exit 1\nfi\n# This output is used by Xcode 'outputs' to avoid re-running this script phase.\necho \"SUCCESS\" > \"${SCRIPT_OUTPUT_FILE_0}\"\n";
			showEnvVarsInLog = 0;
		};
		9D0071D87F6780EEB252D902 /* [CP] Embed Pods Frameworks */ = {
			isa = PBXShellScriptBuildPhase;
			buildActionMask = 2147483647;
			files = (
			);
			inputFileListPaths = (
				"${PODS_ROOT}/Target Support Files/Pods-iOS_Example/Pods-iOS_Example-frameworks-${CONFIGURATION}-input-files.xcfilelist",
			);
			name = "[CP] Embed Pods Frameworks";
			outputFileListPaths = (
				"${PODS_ROOT}/Target Support Files/Pods-iOS_Example/Pods-iOS_Example-frameworks-${CONFIGURATION}-output-files.xcfilelist",
			);
			runOnlyForDeploymentPostprocessing = 0;
			shellPath = /bin/sh;
			shellScript = "\"${PODS_ROOT}/Target Support Files/Pods-iOS_Example/Pods-iOS_Example-frameworks.sh\"\n";
			showEnvVarsInLog = 0;
		};
		9D87F04E4394F76B5C440746 /* [CP] Check Pods Manifest.lock */ = {
			isa = PBXShellScriptBuildPhase;
			buildActionMask = 2147483647;
			files = (
			);
			inputFileListPaths = (
			);
			inputPaths = (
				"${PODS_PODFILE_DIR_PATH}/Podfile.lock",
				"${PODS_ROOT}/Manifest.lock",
			);
			name = "[CP] Check Pods Manifest.lock";
			outputFileListPaths = (
			);
			outputPaths = (
				"$(DERIVED_FILE_DIR)/Pods-iOS_Example.watchOS_Example-checkManifestLockResult.txt",
			);
			runOnlyForDeploymentPostprocessing = 0;
			shellPath = /bin/sh;
			shellScript = "diff \"${PODS_PODFILE_DIR_PATH}/Podfile.lock\" \"${PODS_ROOT}/Manifest.lock\" > /dev/null\nif [ $? != 0 ] ; then\n    # print error to STDERR\n    echo \"error: The sandbox is not in sync with the Podfile.lock. Run 'pod install' or update your CocoaPods installation.\" >&2\n    exit 1\nfi\n# This output is used by Xcode 'outputs' to avoid re-running this script phase.\necho \"SUCCESS\" > \"${SCRIPT_OUTPUT_FILE_0}\"\n";
			showEnvVarsInLog = 0;
		};
		AD2A24BD278E9FCE1DB5B283 /* [CP] Check Pods Manifest.lock */ = {
			isa = PBXShellScriptBuildPhase;
			buildActionMask = 2147483647;
			files = (
			);
			inputFileListPaths = (
			);
			inputPaths = (
				"${PODS_PODFILE_DIR_PATH}/Podfile.lock",
				"${PODS_ROOT}/Manifest.lock",
			);
			name = "[CP] Check Pods Manifest.lock";
			outputFileListPaths = (
			);
			outputPaths = (
				"$(DERIVED_FILE_DIR)/Pods-tvOS_Example-checkManifestLockResult.txt",
			);
			runOnlyForDeploymentPostprocessing = 0;
			shellPath = /bin/sh;
			shellScript = "diff \"${PODS_PODFILE_DIR_PATH}/Podfile.lock\" \"${PODS_ROOT}/Manifest.lock\" > /dev/null\nif [ $? != 0 ] ; then\n    # print error to STDERR\n    echo \"error: The sandbox is not in sync with the Podfile.lock. Run 'pod install' or update your CocoaPods installation.\" >&2\n    exit 1\nfi\n# This output is used by Xcode 'outputs' to avoid re-running this script phase.\necho \"SUCCESS\" > \"${SCRIPT_OUTPUT_FILE_0}\"\n";
			showEnvVarsInLog = 0;
		};
		B6B3C2C0D4059923503C687C /* [CP] Check Pods Manifest.lock */ = {
			isa = PBXShellScriptBuildPhase;
			buildActionMask = 2147483647;
			files = (
			);
			inputFileListPaths = (
			);
			inputPaths = (
				"${PODS_PODFILE_DIR_PATH}/Podfile.lock",
				"${PODS_ROOT}/Manifest.lock",
			);
			name = "[CP] Check Pods Manifest.lock";
			outputFileListPaths = (
			);
			outputPaths = (
				"$(DERIVED_FILE_DIR)/Pods-iOS_Example-checkManifestLockResult.txt",
			);
			runOnlyForDeploymentPostprocessing = 0;
			shellPath = /bin/sh;
			shellScript = "diff \"${PODS_PODFILE_DIR_PATH}/Podfile.lock\" \"${PODS_ROOT}/Manifest.lock\" > /dev/null\nif [ $? != 0 ] ; then\n    # print error to STDERR\n    echo \"error: The sandbox is not in sync with the Podfile.lock. Run 'pod install' or update your CocoaPods installation.\" >&2\n    exit 1\nfi\n# This output is used by Xcode 'outputs' to avoid re-running this script phase.\necho \"SUCCESS\" > \"${SCRIPT_OUTPUT_FILE_0}\"\n";
			showEnvVarsInLog = 0;
		};
		B857DD7C93B0373E4595AAAD /* [CP] Embed Pods Frameworks */ = {
			isa = PBXShellScriptBuildPhase;
			buildActionMask = 2147483647;
			files = (
			);
			inputFileListPaths = (
				"${PODS_ROOT}/Target Support Files/Pods-iOS_Example.watchOS_Example.watchOS_Example_Extension/Pods-iOS_Example.watchOS_Example.watchOS_Example_Extension-frameworks-${CONFIGURATION}-input-files.xcfilelist",
			);
			name = "[CP] Embed Pods Frameworks";
			outputFileListPaths = (
				"${PODS_ROOT}/Target Support Files/Pods-iOS_Example.watchOS_Example.watchOS_Example_Extension/Pods-iOS_Example.watchOS_Example.watchOS_Example_Extension-frameworks-${CONFIGURATION}-output-files.xcfilelist",
			);
			runOnlyForDeploymentPostprocessing = 0;
			shellPath = /bin/sh;
			shellScript = "\"${PODS_ROOT}/Target Support Files/Pods-iOS_Example.watchOS_Example.watchOS_Example_Extension/Pods-iOS_Example.watchOS_Example.watchOS_Example_Extension-frameworks.sh\"\n";
			showEnvVarsInLog = 0;
		};
		C8E12AF4E308FB158DA7E6EE /* [CP] Embed Pods Frameworks */ = {
			isa = PBXShellScriptBuildPhase;
			buildActionMask = 2147483647;
			files = (
			);
			inputFileListPaths = (
				"${PODS_ROOT}/Target Support Files/Pods-tvOS_Example/Pods-tvOS_Example-frameworks-${CONFIGURATION}-input-files.xcfilelist",
			);
			name = "[CP] Embed Pods Frameworks";
			outputFileListPaths = (
				"${PODS_ROOT}/Target Support Files/Pods-tvOS_Example/Pods-tvOS_Example-frameworks-${CONFIGURATION}-output-files.xcfilelist",
			);
			runOnlyForDeploymentPostprocessing = 0;
			shellPath = /bin/sh;
			shellScript = "\"${PODS_ROOT}/Target Support Files/Pods-tvOS_Example/Pods-tvOS_Example-frameworks.sh\"\n";
			showEnvVarsInLog = 0;
		};
		D4B48CA99962089DA1E77933 /* [CP] Check Pods Manifest.lock */ = {
			isa = PBXShellScriptBuildPhase;
			buildActionMask = 2147483647;
			files = (
			);
			inputFileListPaths = (
			);
			inputPaths = (
				"${PODS_PODFILE_DIR_PATH}/Podfile.lock",
				"${PODS_ROOT}/Manifest.lock",
			);
			name = "[CP] Check Pods Manifest.lock";
			outputFileListPaths = (
			);
			outputPaths = (
				"$(DERIVED_FILE_DIR)/Pods-iOS_Example.watchOS_Example.watchOS_Example_Extension-checkManifestLockResult.txt",
			);
			runOnlyForDeploymentPostprocessing = 0;
			shellPath = /bin/sh;
			shellScript = "diff \"${PODS_PODFILE_DIR_PATH}/Podfile.lock\" \"${PODS_ROOT}/Manifest.lock\" > /dev/null\nif [ $? != 0 ] ; then\n    # print error to STDERR\n    echo \"error: The sandbox is not in sync with the Podfile.lock. Run 'pod install' or update your CocoaPods installation.\" >&2\n    exit 1\nfi\n# This output is used by Xcode 'outputs' to avoid re-running this script phase.\necho \"SUCCESS\" > \"${SCRIPT_OUTPUT_FILE_0}\"\n";
			showEnvVarsInLog = 0;
		};
		EA5334EB0DDFF22B549B9592 /* [CP] Embed Pods Frameworks */ = {
			isa = PBXShellScriptBuildPhase;
			buildActionMask = 2147483647;
			files = (
			);
			inputFileListPaths = (
				"${PODS_ROOT}/Target Support Files/Pods-macOS_Example/Pods-macOS_Example-frameworks-${CONFIGURATION}-input-files.xcfilelist",
			);
			name = "[CP] Embed Pods Frameworks";
			outputFileListPaths = (
				"${PODS_ROOT}/Target Support Files/Pods-macOS_Example/Pods-macOS_Example-frameworks-${CONFIGURATION}-output-files.xcfilelist",
			);
			runOnlyForDeploymentPostprocessing = 0;
			shellPath = /bin/sh;
			shellScript = "\"${PODS_ROOT}/Target Support Files/Pods-macOS_Example/Pods-macOS_Example-frameworks.sh\"\n";
			showEnvVarsInLog = 0;
		};
/* End PBXShellScriptBuildPhase section */

/* Begin PBXSourcesBuildPhase section */
		339C667CA4664160769D21FB /* Sources */ = {
			isa = PBXSourcesBuildPhase;
			buildActionMask = 2147483647;
			files = (
				ED3651E771983B4D4FADBCB0 /* ExtensionDelegate.swift in Sources */,
				B33B383424197C780020E98B /* InterfaceController.swift in Sources */,
			);
			runOnlyForDeploymentPostprocessing = 0;
		};
		3921A49F4A904B8E168D9788 /* Sources */ = {
			isa = PBXSourcesBuildPhase;
			buildActionMask = 2147483647;
			files = (
				B323C61A241941A800DEA2F4 /* ViewController.swift in Sources */,
				7394305E2742BCA2A6F28E25 /* AppDelegate.swift in Sources */,
			);
			runOnlyForDeploymentPostprocessing = 0;
		};
		5242E0FED028AA9EBD060E99 /* Sources */ = {
			isa = PBXSourcesBuildPhase;
			buildActionMask = 2147483647;
			files = (
				B302EBFA241725EC002525AE /* ViewController.swift in Sources */,
				3418F58D52C6391002DF50D3 /* AppDelegate.swift in Sources */,
			);
			runOnlyForDeploymentPostprocessing = 0;
		};
		A138D97D1B0A12BA7492CDCE /* Sources */ = {
			isa = PBXSourcesBuildPhase;
			buildActionMask = 2147483647;
			files = (
				B323C6102419331C00DEA2F4 /* ViewController.swift in Sources */,
				0A9E5B6991A3C0DB56409AC2 /* AppDelegate.swift in Sources */,
				B323C61324193F3400DEA2F4 /* main.swift in Sources */,
			);
			runOnlyForDeploymentPostprocessing = 0;
		};
/* End PBXSourcesBuildPhase section */

/* Begin PBXTargetDependency section */
		1E01A8FA37DC907E906D5634 /* PBXTargetDependency */ = {
			isa = PBXTargetDependency;
			target = 4A5050BCBCAC6230C0B467CB /* iOS_Example.watchOS_Example.watchOS_Example_Extension */;
			targetProxy = B3CCDCBBE391A611B3EE2867 /* PBXContainerItemProxy */;
		};
		3E4043E5E3548B8B9A7D06ED /* PBXTargetDependency */ = {
			isa = PBXTargetDependency;
			target = 59DA5C91230B29D537DD0DF9 /* iOS_Example.watchOS_Example */;
			targetProxy = A72314BC912FA8839F9ADE1B /* PBXContainerItemProxy */;
		};
		B3C6667F243020560072A0ED /* PBXTargetDependency */ = {
			isa = PBXTargetDependency;
			target = 71052B6A66D141AB401C720D /* iOS_Example */;
			targetProxy = B3C6667E243020560072A0ED /* PBXContainerItemProxy */;
		};
		B3C66681243020560072A0ED /* PBXTargetDependency */ = {
			isa = PBXTargetDependency;
			target = 59DA5C91230B29D537DD0DF9 /* iOS_Example.watchOS_Example */;
			targetProxy = B3C66680243020560072A0ED /* PBXContainerItemProxy */;
		};
		B3C66683243020560072A0ED /* PBXTargetDependency */ = {
			isa = PBXTargetDependency;
			target = 4A5050BCBCAC6230C0B467CB /* iOS_Example.watchOS_Example.watchOS_Example_Extension */;
			targetProxy = B3C66682243020560072A0ED /* PBXContainerItemProxy */;
		};
		B3C66685243020560072A0ED /* PBXTargetDependency */ = {
			isa = PBXTargetDependency;
			target = A793A340BE0EEB00085E850C /* macOS_Example */;
			targetProxy = B3C66684243020560072A0ED /* PBXContainerItemProxy */;
		};
		B3C66687243020560072A0ED /* PBXTargetDependency */ = {
			isa = PBXTargetDependency;
			target = 4547BBC39FE469511D090927 /* tvOS_Example */;
			targetProxy = B3C66686243020560072A0ED /* PBXContainerItemProxy */;
		};
/* End PBXTargetDependency section */

/* Begin XCBuildConfiguration section */
		0B8AC09E16AAD49D3EA55F06 /* Debug */ = {
			isa = XCBuildConfiguration;
			baseConfigurationReference = 44E174EA1F14596612FB7424 /* Pods-iOS_Example.debug.xcconfig */;
			buildSettings = {
				ASSETCATALOG_COMPILER_APPICON_NAME = AppIcon;
				CODE_SIGN_IDENTITY = "iPhone Developer";
				INFOPLIST_FILE = iOS.Info.plist;
				IPHONEOS_DEPLOYMENT_TARGET = 8.0;
				LD_RUNPATH_SEARCH_PATHS = (
					"$(inherited)",
					"@executable_path/Frameworks",
				);
				PRODUCT_BUNDLE_IDENTIFIER = "com.brightdigit.iOS-Example";
				SDKROOT = iphoneos;
				TARGETED_DEVICE_FAMILY = "1,2";
			};
			name = Debug;
		};
		1FC214948DB2229370932DE2 /* Release */ = {
			isa = XCBuildConfiguration;
			baseConfigurationReference = 2D88139A958E57E79B5F03AE /* Pods-iOS_Example.watchOS_Example.release.xcconfig */;
			buildSettings = {
				INFOPLIST_FILE = watchOS_Example.Info.plist;
				PRODUCT_BUNDLE_IDENTIFIER = "com.brightdigit.iOS-Example.watchOS-Example";
				SDKROOT = watchos;
				SKIP_INSTALL = YES;
				TARGETED_DEVICE_FAMILY = 4;
				WATCHOS_DEPLOYMENT_TARGET = 2.0;
			};
			name = Release;
		};
		398A5AFCD69E760DF19875AD /* Release */ = {
			isa = XCBuildConfiguration;
			buildSettings = {
				ALWAYS_SEARCH_USER_PATHS = NO;
				CLANG_ANALYZER_NONNULL = YES;
				CLANG_ANALYZER_NUMBER_OBJECT_CONVERSION = YES_AGGRESSIVE;
				CLANG_CXX_LANGUAGE_STANDARD = "gnu++14";
				CLANG_CXX_LIBRARY = "libc++";
				CLANG_ENABLE_MODULES = YES;
				CLANG_ENABLE_OBJC_ARC = YES;
				CLANG_WARN_BLOCK_CAPTURE_AUTORELEASING = YES;
				CLANG_WARN_BOOL_CONVERSION = YES;
				CLANG_WARN_COMMA = YES;
				CLANG_WARN_CONSTANT_CONVERSION = YES;
				CLANG_WARN_DEPRECATED_OBJC_IMPLEMENTATIONS = YES;
				CLANG_WARN_DIRECT_OBJC_ISA_USAGE = YES_ERROR;
				CLANG_WARN_DOCUMENTATION_COMMENTS = YES;
				CLANG_WARN_EMPTY_BODY = YES;
				CLANG_WARN_ENUM_CONVERSION = YES;
				CLANG_WARN_INFINITE_RECURSION = YES;
				CLANG_WARN_INT_CONVERSION = YES;
				CLANG_WARN_NON_LITERAL_NULL_CONVERSION = YES;
				CLANG_WARN_OBJC_IMPLICIT_RETAIN_SELF = YES;
				CLANG_WARN_OBJC_LITERAL_CONVERSION = YES;
				CLANG_WARN_OBJC_ROOT_CLASS = YES_ERROR;
				CLANG_WARN_RANGE_LOOP_ANALYSIS = YES;
				CLANG_WARN_STRICT_PROTOTYPES = YES;
				CLANG_WARN_SUSPICIOUS_MOVE = YES;
				CLANG_WARN_UNGUARDED_AVAILABILITY = YES_AGGRESSIVE;
				CLANG_WARN_UNREACHABLE_CODE = YES;
				CLANG_WARN__DUPLICATE_METHOD_MATCH = YES;
				COPY_PHASE_STRIP = NO;
				DEBUG_INFORMATION_FORMAT = "dwarf-with-dsym";
				ENABLE_NS_ASSERTIONS = NO;
				ENABLE_STRICT_OBJC_MSGSEND = YES;
				GCC_C_LANGUAGE_STANDARD = gnu11;
				GCC_NO_COMMON_BLOCKS = YES;
				GCC_WARN_64_TO_32_BIT_CONVERSION = YES;
				GCC_WARN_ABOUT_RETURN_TYPE = YES_ERROR;
				GCC_WARN_UNDECLARED_SELECTOR = YES;
				GCC_WARN_UNINITIALIZED_AUTOS = YES_AGGRESSIVE;
				GCC_WARN_UNUSED_FUNCTION = YES;
				GCC_WARN_UNUSED_VARIABLE = YES;
				PRODUCT_NAME = "$(TARGET_NAME)";
				SWIFT_COMPILATION_MODE = wholemodule;
				SWIFT_VERSION = 5.0;
				VALIDATE_PRODUCT = YES;
			};
			name = Release;
		};
		567046725857A2FF9942ECD4 /* Release */ = {
			isa = XCBuildConfiguration;
			baseConfigurationReference = A81BECB44C80D96EA85A35A5 /* Pods-iOS_Example.release.xcconfig */;
			buildSettings = {
				ASSETCATALOG_COMPILER_APPICON_NAME = AppIcon;
				CODE_SIGN_IDENTITY = "iPhone Developer";
				INFOPLIST_FILE = iOS.Info.plist;
				IPHONEOS_DEPLOYMENT_TARGET = 8.0;
				LD_RUNPATH_SEARCH_PATHS = (
					"$(inherited)",
					"@executable_path/Frameworks",
				);
				PRODUCT_BUNDLE_IDENTIFIER = "com.brightdigit.iOS-Example";
				SDKROOT = iphoneos;
				TARGETED_DEVICE_FAMILY = "1,2";
			};
			name = Release;
		};
		7FA9E27156EDBDCD33635353 /* Release */ = {
			isa = XCBuildConfiguration;
			baseConfigurationReference = E0FF032CD3F8F2FB6D6C1910 /* Pods-macOS_Example.release.xcconfig */;
			buildSettings = {
				COMBINE_HIDPI_IMAGES = YES;
				INFOPLIST_FILE = "$(SRCROOT)/macOS.Info.plist";
				LD_RUNPATH_SEARCH_PATHS = (
					"$(inherited)",
					"@executable_path/../Frameworks",
				);
				MACOSX_DEPLOYMENT_TARGET = 10.10;
				PRODUCT_BUNDLE_IDENTIFIER = "com.brightdigit.macOS-Example";
				SDKROOT = macosx;
			};
			name = Release;
		};
		8AD87648C0F5C00D73ED7504 /* Debug */ = {
			isa = XCBuildConfiguration;
			baseConfigurationReference = 6D7B45DA366DCBDF1DE3EC8B /* Pods-tvOS_Example.debug.xcconfig */;
			buildSettings = {
				ASSETCATALOG_COMPILER_APPICON_NAME = "App Icon & Top Shelf Image";
				ASSETCATALOG_COMPILER_LAUNCHIMAGE_NAME = LaunchImage;
				CURRENT_PROJECT_VERSION = 1;
				INFOPLIST_FILE = "$(SRCROOT)/tvOS.Info.plist";
				LD_RUNPATH_SEARCH_PATHS = (
					"$(inherited)",
					"@executable_path/Frameworks",
				);
				MARKETING_VERSION = 1.0;
				PRODUCT_BUNDLE_IDENTIFIER = "com.brightdigit.tvOS-Example";
				SDKROOT = appletvos;
				TARGETED_DEVICE_FAMILY = 3;
				TVOS_DEPLOYMENT_TARGET = 9.0;
			};
			name = Debug;
		};
		8BB1DBA9F3EF48523A3609DB /* Debug */ = {
			isa = XCBuildConfiguration;
			baseConfigurationReference = 825FE9D3B578ACB5964B934E /* Pods-iOS_Example.watchOS_Example.debug.xcconfig */;
			buildSettings = {
				INFOPLIST_FILE = watchOS_Example.Info.plist;
				PRODUCT_BUNDLE_IDENTIFIER = "com.brightdigit.iOS-Example.watchOS-Example";
				SDKROOT = watchos;
				SKIP_INSTALL = YES;
				TARGETED_DEVICE_FAMILY = 4;
				WATCHOS_DEPLOYMENT_TARGET = 2.0;
			};
			name = Debug;
		};
		A1CC571AA1ADECE99C7593F6 /* Debug */ = {
			isa = XCBuildConfiguration;
			baseConfigurationReference = C6B3B0E8AD561309572FBB4B /* Pods-iOS_Example.watchOS_Example.watchOS_Example_Extension.debug.xcconfig */;
			buildSettings = {
				ASSETCATALOG_COMPILER_COMPLICATION_NAME = Complication;
				INFOPLIST_FILE = watchOS_Example_Extension.Info.plist;
				LD_RUNPATH_SEARCH_PATHS = (
					"$(inherited)",
					"@executable_path/Frameworks",
					"@executable_path/../../Frameworks",
				);
				PRODUCT_BUNDLE_IDENTIFIER = "com.brightdigit.iOS-Example.watchOS-Example.watchOS-Example-Extension";
				SDKROOT = watchos;
				SKIP_INSTALL = YES;
				TARGETED_DEVICE_FAMILY = 4;
				WATCHOS_DEPLOYMENT_TARGET = 2.0;
			};
			name = Debug;
		};
		B3C6667B2430204B0072A0ED /* Debug */ = {
			isa = XCBuildConfiguration;
			buildSettings = {
				CODE_SIGN_STYLE = Automatic;
				DEVELOPMENT_TEAM = MLT7M394S7;
				PRODUCT_NAME = "$(TARGET_NAME)";
			};
			name = Debug;
		};
		B3C6667C2430204B0072A0ED /* Release */ = {
			isa = XCBuildConfiguration;
			buildSettings = {
				CODE_SIGN_STYLE = Automatic;
				DEVELOPMENT_TEAM = MLT7M394S7;
				PRODUCT_NAME = "$(TARGET_NAME)";
			};
			name = Release;
		};
		CDA3AEEE35A7C5E75A03B183 /* Debug */ = {
			isa = XCBuildConfiguration;
			baseConfigurationReference = 143FF503BF82D4928307D008 /* Pods-macOS_Example.debug.xcconfig */;
			buildSettings = {
				COMBINE_HIDPI_IMAGES = YES;
				INFOPLIST_FILE = "$(SRCROOT)/macOS.Info.plist";
				LD_RUNPATH_SEARCH_PATHS = (
					"$(inherited)",
					"@executable_path/../Frameworks",
				);
				MACOSX_DEPLOYMENT_TARGET = 10.10;
				PRODUCT_BUNDLE_IDENTIFIER = "com.brightdigit.macOS-Example";
				SDKROOT = macosx;
			};
			name = Debug;
		};
		EBCDE73B804B1D54C01CBFE7 /* Release */ = {
			isa = XCBuildConfiguration;
			baseConfigurationReference = 3ACB7AE95E4DBBC203323380 /* Pods-tvOS_Example.release.xcconfig */;
			buildSettings = {
				ASSETCATALOG_COMPILER_APPICON_NAME = "App Icon & Top Shelf Image";
				ASSETCATALOG_COMPILER_LAUNCHIMAGE_NAME = LaunchImage;
				CURRENT_PROJECT_VERSION = 1;
				INFOPLIST_FILE = "$(SRCROOT)/tvOS.Info.plist";
				LD_RUNPATH_SEARCH_PATHS = (
					"$(inherited)",
					"@executable_path/Frameworks",
				);
				MARKETING_VERSION = 1.0;
				PRODUCT_BUNDLE_IDENTIFIER = "com.brightdigit.tvOS-Example";
				SDKROOT = appletvos;
				TARGETED_DEVICE_FAMILY = 3;
				TVOS_DEPLOYMENT_TARGET = 9.0;
			};
			name = Release;
		};
		F92DAFD0CD6CB829E820A349 /* Debug */ = {
			isa = XCBuildConfiguration;
			buildSettings = {
				ALWAYS_SEARCH_USER_PATHS = NO;
				CLANG_ANALYZER_NONNULL = YES;
				CLANG_ANALYZER_NUMBER_OBJECT_CONVERSION = YES_AGGRESSIVE;
				CLANG_CXX_LANGUAGE_STANDARD = "gnu++14";
				CLANG_CXX_LIBRARY = "libc++";
				CLANG_ENABLE_MODULES = YES;
				CLANG_ENABLE_OBJC_ARC = YES;
				CLANG_WARN_BLOCK_CAPTURE_AUTORELEASING = YES;
				CLANG_WARN_BOOL_CONVERSION = YES;
				CLANG_WARN_COMMA = YES;
				CLANG_WARN_CONSTANT_CONVERSION = YES;
				CLANG_WARN_DEPRECATED_OBJC_IMPLEMENTATIONS = YES;
				CLANG_WARN_DIRECT_OBJC_ISA_USAGE = YES_ERROR;
				CLANG_WARN_DOCUMENTATION_COMMENTS = YES;
				CLANG_WARN_EMPTY_BODY = YES;
				CLANG_WARN_ENUM_CONVERSION = YES;
				CLANG_WARN_INFINITE_RECURSION = YES;
				CLANG_WARN_INT_CONVERSION = YES;
				CLANG_WARN_NON_LITERAL_NULL_CONVERSION = YES;
				CLANG_WARN_OBJC_IMPLICIT_RETAIN_SELF = YES;
				CLANG_WARN_OBJC_LITERAL_CONVERSION = YES;
				CLANG_WARN_OBJC_ROOT_CLASS = YES_ERROR;
				CLANG_WARN_RANGE_LOOP_ANALYSIS = YES;
				CLANG_WARN_STRICT_PROTOTYPES = YES;
				CLANG_WARN_SUSPICIOUS_MOVE = YES;
				CLANG_WARN_UNGUARDED_AVAILABILITY = YES_AGGRESSIVE;
				CLANG_WARN_UNREACHABLE_CODE = YES;
				CLANG_WARN__DUPLICATE_METHOD_MATCH = YES;
				COPY_PHASE_STRIP = NO;
				DEBUG_INFORMATION_FORMAT = dwarf;
				ENABLE_STRICT_OBJC_MSGSEND = YES;
				ENABLE_TESTABILITY = YES;
				GCC_C_LANGUAGE_STANDARD = gnu11;
				GCC_DYNAMIC_NO_PIC = NO;
				GCC_NO_COMMON_BLOCKS = YES;
				GCC_OPTIMIZATION_LEVEL = 0;
				GCC_PREPROCESSOR_DEFINITIONS = (
					"$(inherited)",
					"DEBUG=1",
				);
				GCC_WARN_64_TO_32_BIT_CONVERSION = YES;
				GCC_WARN_ABOUT_RETURN_TYPE = YES_ERROR;
				GCC_WARN_UNDECLARED_SELECTOR = YES;
				GCC_WARN_UNINITIALIZED_AUTOS = YES_AGGRESSIVE;
				GCC_WARN_UNUSED_FUNCTION = YES;
				GCC_WARN_UNUSED_VARIABLE = YES;
				MTL_ENABLE_DEBUG_INFO = YES;
				ONLY_ACTIVE_ARCH = YES;
				PRODUCT_NAME = "$(TARGET_NAME)";
				SWIFT_ACTIVE_COMPILATION_CONDITIONS = DEBUG;
				SWIFT_OPTIMIZATION_LEVEL = "-Onone";
				SWIFT_VERSION = 5.0;
			};
			name = Debug;
		};
		FC74B723AD04DE64BADCEC68 /* Release */ = {
			isa = XCBuildConfiguration;
			baseConfigurationReference = 73980CD73CC0080DC066062D /* Pods-iOS_Example.watchOS_Example.watchOS_Example_Extension.release.xcconfig */;
			buildSettings = {
				ASSETCATALOG_COMPILER_COMPLICATION_NAME = Complication;
				INFOPLIST_FILE = watchOS_Example_Extension.Info.plist;
				LD_RUNPATH_SEARCH_PATHS = (
					"$(inherited)",
					"@executable_path/Frameworks",
					"@executable_path/../../Frameworks",
				);
				PRODUCT_BUNDLE_IDENTIFIER = "com.brightdigit.iOS-Example.watchOS-Example.watchOS-Example-Extension";
				SDKROOT = watchos;
				SKIP_INSTALL = YES;
				TARGETED_DEVICE_FAMILY = 4;
				WATCHOS_DEPLOYMENT_TARGET = 2.0;
			};
			name = Release;
		};
/* End XCBuildConfiguration section */

/* Begin XCConfigurationList section */
		01A23B9FADE9D1E71469920A /* Build configuration list for PBXNativeTarget "tvOS_Example" */ = {
			isa = XCConfigurationList;
			buildConfigurations = (
				8AD87648C0F5C00D73ED7504 /* Debug */,
				EBCDE73B804B1D54C01CBFE7 /* Release */,
			);
			defaultConfigurationIsVisible = 0;
			defaultConfigurationName = "";
		};
		36FC72E69D906F48675C62BF /* Build configuration list for PBXProject "Example" */ = {
			isa = XCConfigurationList;
			buildConfigurations = (
				F92DAFD0CD6CB829E820A349 /* Debug */,
				398A5AFCD69E760DF19875AD /* Release */,
			);
			defaultConfigurationIsVisible = 0;
			defaultConfigurationName = Debug;
		};
		650A6137F7295C75538DD301 /* Build configuration list for PBXNativeTarget "iOS_Example.watchOS_Example.watchOS_Example_Extension" */ = {
			isa = XCConfigurationList;
			buildConfigurations = (
				A1CC571AA1ADECE99C7593F6 /* Debug */,
				FC74B723AD04DE64BADCEC68 /* Release */,
			);
			defaultConfigurationIsVisible = 0;
			defaultConfigurationName = "";
		};
		8144FF6A1C5C42FBA995BE80 /* Build configuration list for PBXNativeTarget "iOS_Example" */ = {
			isa = XCConfigurationList;
			buildConfigurations = (
				0B8AC09E16AAD49D3EA55F06 /* Debug */,
				567046725857A2FF9942ECD4 /* Release */,
			);
			defaultConfigurationIsVisible = 0;
			defaultConfigurationName = "";
		};
		9604A4258367D246D763FFA4 /* Build configuration list for PBXNativeTarget "macOS_Example" */ = {
			isa = XCConfigurationList;
			buildConfigurations = (
				CDA3AEEE35A7C5E75A03B183 /* Debug */,
				7FA9E27156EDBDCD33635353 /* Release */,
			);
			defaultConfigurationIsVisible = 0;
			defaultConfigurationName = "";
		};
		B3C6667D2430204B0072A0ED /* Build configuration list for PBXAggregateTarget "all" */ = {
			isa = XCConfigurationList;
			buildConfigurations = (
				B3C6667B2430204B0072A0ED /* Debug */,
				B3C6667C2430204B0072A0ED /* Release */,
			);
			defaultConfigurationIsVisible = 0;
			defaultConfigurationName = Debug;
		};
		E6DF3213C1233334413B2F7F /* Build configuration list for PBXNativeTarget "iOS_Example.watchOS_Example" */ = {
			isa = XCConfigurationList;
			buildConfigurations = (
				8BB1DBA9F3EF48523A3609DB /* Debug */,
				1FC214948DB2229370932DE2 /* Release */,
			);
			defaultConfigurationIsVisible = 0;
			defaultConfigurationName = "";
		};
/* End XCConfigurationList section */
	};
	rootObject = CA8E1E974698BC95958F017F /* Project object */;
}
